
Microsoft Visual Studio Solution File, Format Version 12.00
# Visual Studio Version 17
VisualStudioVersion = 17.14.36616.10 d17.14
MinimumVisualStudioVersion = 10.0.40219.1
Project("{FAE04EC0-301F-11D3-BF4B-00C04F79EFBC}") = "GradeSystem", "GradeSystem.csproj", "{9B1F8E31-47ED-4347-84FA-300D3696D085}"
EndProject
Global
	GlobalSection(SolutionConfigurationPlatforms) = preSolution
		Debug|Any CPU = Debug|Any CPU
		Release|Any CPU = Release|Any CPU
	EndGlobalSection
	GlobalSection(ProjectConfigurationPlatforms) = postSolution
		{9B1F8E31-47ED-4347-84FA-300D3696D085}.Debug|Any CPU.ActiveCfg = Debug|Any CPU
		{9B1F8E31-47ED-4347-84FA-300D3696D085}.Debug|Any CPU.Build.0 = Debug|Any CPU
		{9B1F8E31-47ED-4347-84FA-300D3696D085}.Release|Any CPU.ActiveCfg = Release|Any CPU
		{9B1F8E31-47ED-4347-84FA-300D3696D085}.Release|Any CPU.Build.0 = Release|Any CPU
	EndGlobalSection
	GlobalSection(SolutionProperties) = preSolution
		HideSolutionNode = FALSE
	EndGlobalSection
	GlobalSection(ExtensibilityGlobals) = postSolution
		SolutionGuid = {57FCD0B3-09B1-4A05-BB68-43D8C1CD3097}
	EndGlobalSection
EndGlobal
